// !$*UTF8*$!
{
	archiveVersion = 1;
	classes = {
	};
	objectVersion = 56;
	objects = {

/* Begin PBXFileReference section */
		3D6ACAF32B4E91330094DCE9 /* selection.h */ = {isa = PBXFileReference; lastKnownFileType = sourcecode.c.h; path = selection.h; sourceTree = "<group>"; };
		3D6ACAF42B4E91330094DCE9 /* selection.c */ = {isa = PBXFileReference; lastKnownFileType = sourcecode.c.c; path = selection.c; sourceTree = "<group>"; };
/* End PBXFileReference section */

/* Begin PBXGroup section */
		3D6ACAEC2B4E90980094DCE9 = {
			isa = PBXGroup;
			children = (
				3D6ACAF32B4E91330094DCE9 /* selection.h */,
				3D6ACAF42B4E91330094DCE9 /* selection.c */,
			);
			sourceTree = "<group>";
		};
/* End PBXGroup section */

/* Begin PBXProject section */
		3D6ACAED2B4E90980094DCE9 /* Project object */ = {
			isa = PBXProject;
			attributes = {
				BuildIndependentTargetsInParallel = 1;
				LastUpgradeCheck = 1510;
			};
			buildConfigurationList = 3D6ACAF02B4E90980094DCE9 /* Build configuration list for PBXProject "DAA programs" */;
			compatibilityVersion = "Xcode 14.0";
			developmentRegion = en;
			hasScannedForEncodings = 0;
			knownRegions = (
				en,
				Base,
			);
			mainGroup = 3D6ACAEC2B4E90980094DCE9;
			projectDirPath = "";
			projectRoot = "";
			targets = (
			);
		};
/* End PBXProject section */

/* Begin XCBuildConfiguration section */
		3D6ACAF12B4E90980094DCE9 /* Debug */ = {
			isa = XCBuildConfiguration;
			buildSettings = {
			};
			name = Debug;
		};
		3D6ACAF22B4E90980094DCE9 /* Release */ = {
			isa = XCBuildConfiguration;
			buildSettings = {
			};
			name = Release;
		};
/* End XCBuildConfiguration section */

/* Begin XCConfigurationList section */
		3D6ACAF02B4E90980094DCE9 /* Build configuration list for PBXProject "DAA programs" */ = {
			isa = XCConfigurationList;
			buildConfigurations = (
				3D6ACAF12B4E90980094DCE9 /* Debug */,
				3D6ACAF22B4E90980094DCE9 /* Release */,
			);
			defaultConfigurationIsVisible = 0;
			defaultConfigurationName = Release;
		};
/* End XCConfigurationList section */
	};
	rootObject = 3D6ACAED2B4E90980094DCE9 /* Project object */;
}
