// !$*UTF8*$!
{
	archiveVersion = 1;
	classes = {
	};
	objectVersion = 56;
	objects = {

/* Begin PBXFileReference section */
		3D13C42F2B4EDD0600C0DD50 /* TsMan.h */ = {isa = PBXFileReference; lastKnownFileType = sourcecode.c.h; path = TsMan.h; sourceTree = "<group>"; };
		3D13C4302B4EDD0600C0DD50 /* TsMan.c */ = {isa = PBXFileReference; lastKnownFileType = sourcecode.c.c; path = TsMan.c; sourceTree = "<group>"; };
		3D1BD3442B503A6D0046FEC2 /* DivideNconquer.h */ = {isa = PBXFileReference; lastKnownFileType = sourcecode.c.h; path = DivideNconquer.h; sourceTree = "<group>"; };
		3D1BD3452B503A6D0046FEC2 /* DivideNconquer.c */ = {isa = PBXFileReference; lastKnownFileType = sourcecode.c.c; path = DivideNconquer.c; sourceTree = "<group>"; };
		3D1BD3462B503CC10046FEC2 /* mergesort.h */ = {isa = PBXFileReference; lastKnownFileType = sourcecode.c.h; path = mergesort.h; sourceTree = "<group>"; };
		3D1BD3472B503CC10046FEC2 /* mergesort.c */ = {isa = PBXFileReference; lastKnownFileType = sourcecode.c.c; path = mergesort.c; sourceTree = "<group>"; };
		3D24187E2B6CC04F000C232A /* prog10.c */ = {isa = PBXFileReference; lastKnownFileType = sourcecode.c.c; path = prog10.c; sourceTree = "<group>"; };
		3D42FAF92B6B9BBF00CC1354 /* prog15.c */ = {isa = PBXFileReference; lastKnownFileType = sourcecode.c.c; path = prog15.c; sourceTree = "<group>"; };
		3D42FAFA2B6B9DD700CC1354 /* prog16.c */ = {isa = PBXFileReference; lastKnownFileType = sourcecode.c.c; path = prog16.c; sourceTree = "<group>"; };
		3D42FAFB2B6B9E8A00CC1354 /* prog17.c */ = {isa = PBXFileReference; lastKnownFileType = sourcecode.c.c; path = prog17.c; sourceTree = "<group>"; };
		3D4C858F2B6CBD1B001B8E72 /* prog18.h */ = {isa = PBXFileReference; lastKnownFileType = sourcecode.c.h; path = prog18.h; sourceTree = "<group>"; };
		3D4C85902B6CBD1B001B8E72 /* prog18.c */ = {isa = PBXFileReference; lastKnownFileType = sourcecode.c.c; path = prog18.c; sourceTree = "<group>"; };
		3D65AAF02B6A165A0016E405 /* prog11.h */ = {isa = PBXFileReference; lastKnownFileType = sourcecode.c.h; path = prog11.h; sourceTree = "<group>"; };
		3D65AAF12B6A165A0016E405 /* prog11.c */ = {isa = PBXFileReference; lastKnownFileType = sourcecode.c.c; path = prog11.c; sourceTree = "<group>"; };
		3D65AAF22B6A1C870016E405 /* prog12.h */ = {isa = PBXFileReference; lastKnownFileType = sourcecode.c.h; path = prog12.h; sourceTree = "<group>"; };
		3D65AAF32B6A1C870016E405 /* prog12.c */ = {isa = PBXFileReference; lastKnownFileType = sourcecode.c.c; path = prog12.c; sourceTree = "<group>"; };
		3D668AA22B4F8CE800598858 /* knapsack.h */ = {isa = PBXFileReference; lastKnownFileType = sourcecode.c.h; path = knapsack.h; sourceTree = "<group>"; };
		3D668AA32B4F8CE800598858 /* knapsack.c */ = {isa = PBXFileReference; lastKnownFileType = sourcecode.c.c; path = knapsack.c; sourceTree = "<group>"; };
		3D668AA42B4F918C00598858 /* greedysolution.h */ = {isa = PBXFileReference; lastKnownFileType = sourcecode.c.h; path = greedysolution.h; sourceTree = "<group>"; };
		3D668AA52B4F918C00598858 /* greedysolution.c */ = {isa = PBXFileReference; lastKnownFileType = sourcecode.c.c; path = greedysolution.c; sourceTree = "<group>"; };
		3D6ACAF32B4E91330094DCE9 /* selection.h */ = {isa = PBXFileReference; lastKnownFileType = sourcecode.c.h; path = selection.h; sourceTree = "<group>"; };
		3D6ACAF42B4E91330094DCE9 /* selection.c */ = {isa = PBXFileReference; lastKnownFileType = sourcecode.c.c; path = selection.c; sourceTree = "<group>"; };
		3D92ED942B6A485B007E0084 /* prog13.h */ = {isa = PBXFileReference; lastKnownFileType = sourcecode.c.h; path = prog13.h; sourceTree = "<group>"; };
		3D92ED952B6A485B007E0084 /* prog13.c */ = {isa = PBXFileReference; lastKnownFileType = sourcecode.c.c; path = prog13.c; sourceTree = "<group>"; };
		3D92ED962B6A48E3007E0084 /* prog14.h */ = {isa = PBXFileReference; lastKnownFileType = sourcecode.c.h; path = prog14.h; sourceTree = "<group>"; };
		3D92ED972B6A48E3007E0084 /* prog14.c */ = {isa = PBXFileReference; lastKnownFileType = sourcecode.c.c; path = prog14.c; sourceTree = "<group>"; };
		3D92ED982B6A4A26007E0084 /* DFS.h */ = {isa = PBXFileReference; lastKnownFileType = sourcecode.c.h; path = DFS.h; sourceTree = "<group>"; };
		3D92ED992B6A4A26007E0084 /* DFS.c */ = {isa = PBXFileReference; lastKnownFileType = sourcecode.c.c; path = DFS.c; sourceTree = "<group>"; };
		3DE020BE2B57D029002E0922 /* prog9.c */ = {isa = PBXFileReference; lastKnownFileType = sourcecode.c.c; path = prog9.c; sourceTree = "<group>"; };
/* End PBXFileReference section */

/* Begin PBXGroup section */
		3D6ACAEC2B4E90980094DCE9 = {
			isa = PBXGroup;
			children = (
				3D42FAF92B6B9BBF00CC1354 /* prog15.c */,
				3D42FAFA2B6B9DD700CC1354 /* prog16.c */,
				3D42FAFB2B6B9E8A00CC1354 /* prog17.c */,
				3D4C858F2B6CBD1B001B8E72 /* prog18.h */,
				3D4C85902B6CBD1B001B8E72 /* prog18.c */,
				3D24187E2B6CC04F000C232A /* prog10.c */,
				3D92ED982B6A4A26007E0084 /* DFS.h */,
				3D92ED992B6A4A26007E0084 /* DFS.c */,
				3D65AAF22B6A1C870016E405 /* prog12.h */,
				3D65AAF32B6A1C870016E405 /* prog12.c */,
				3D1BD3462B503CC10046FEC2 /* mergesort.h */,
				3D1BD3472B503CC10046FEC2 /* mergesort.c */,
				3D92ED942B6A485B007E0084 /* prog13.h */,
				3D92ED952B6A485B007E0084 /* prog13.c */,
				3D92ED962B6A48E3007E0084 /* prog14.h */,
				3D92ED972B6A48E3007E0084 /* prog14.c */,
				3DE020BE2B57D029002E0922 /* prog9.c */,
				3D65AAF02B6A165A0016E405 /* prog11.h */,
				3D65AAF12B6A165A0016E405 /* prog11.c */,
				3D668AA42B4F918C00598858 /* greedysolution.h */,
				3D1BD3442B503A6D0046FEC2 /* DivideNconquer.h */,
				3D1BD3452B503A6D0046FEC2 /* DivideNconquer.c */,
				3D668AA52B4F918C00598858 /* greedysolution.c */,
				3D668AA22B4F8CE800598858 /* knapsack.h */,
				3D668AA32B4F8CE800598858 /* knapsack.c */,
				3D13C42F2B4EDD0600C0DD50 /* TsMan.h */,
				3D13C4302B4EDD0600C0DD50 /* TsMan.c */,
				3D6ACAF32B4E91330094DCE9 /* selection.h */,
				3D6ACAF42B4E91330094DCE9 /* selection.c */,
			);
			sourceTree = "<group>";
		};
/* End PBXGroup section */

/* Begin PBXProject section */
		3D6ACAED2B4E90980094DCE9 /* Project object */ = {
			isa = PBXProject;
			attributes = {
				BuildIndependentTargetsInParallel = 1;
				LastUpgradeCheck = 1520;
			};
			buildConfigurationList = 3D6ACAF02B4E90980094DCE9 /* Build configuration list for PBXProject "DAA programs" */;
			compatibilityVersion = "Xcode 14.0";
			developmentRegion = en;
			hasScannedForEncodings = 0;
			knownRegions = (
				en,
				Base,
			);
			mainGroup = 3D6ACAEC2B4E90980094DCE9;
			projectDirPath = "";
			projectRoot = "";
			targets = (
			);
		};
/* End PBXProject section */

/* Begin XCBuildConfiguration section */
		3D6ACAF12B4E90980094DCE9 /* Debug */ = {
			isa = XCBuildConfiguration;
			buildSettings = {
				CLANG_WARN_BLOCK_CAPTURE_AUTORELEASING = YES;
				CLANG_WARN_BOOL_CONVERSION = YES;
				CLANG_WARN_COMMA = YES;
				CLANG_WARN_CONSTANT_CONVERSION = YES;
				CLANG_WARN_DEPRECATED_OBJC_IMPLEMENTATIONS = YES;
				CLANG_WARN_EMPTY_BODY = YES;
				CLANG_WARN_ENUM_CONVERSION = YES;
				CLANG_WARN_INFINITE_RECURSION = YES;
				CLANG_WARN_INT_CONVERSION = YES;
				CLANG_WARN_NON_LITERAL_NULL_CONVERSION = YES;
				CLANG_WARN_OBJC_IMPLICIT_RETAIN_SELF = YES;
				CLANG_WARN_OBJC_LITERAL_CONVERSION = YES;
				CLANG_WARN_QUOTED_INCLUDE_IN_FRAMEWORK_HEADER = YES;
				CLANG_WARN_RANGE_LOOP_ANALYSIS = YES;
				CLANG_WARN_STRICT_PROTOTYPES = YES;
				CLANG_WARN_SUSPICIOUS_MOVE = YES;
				CLANG_WARN_UNREACHABLE_CODE = YES;
				CLANG_WARN__DUPLICATE_METHOD_MATCH = YES;
				DEAD_CODE_STRIPPING = YES;
				ENABLE_STRICT_OBJC_MSGSEND = YES;
				ENABLE_TESTABILITY = YES;
				ENABLE_USER_SCRIPT_SANDBOXING = YES;
				GCC_NO_COMMON_BLOCKS = YES;
				GCC_WARN_64_TO_32_BIT_CONVERSION = YES;
				GCC_WARN_ABOUT_RETURN_TYPE = YES;
				GCC_WARN_UNDECLARED_SELECTOR = YES;
				GCC_WARN_UNINITIALIZED_AUTOS = YES;
				GCC_WARN_UNUSED_FUNCTION = YES;
				GCC_WARN_UNUSED_VARIABLE = YES;
				ONLY_ACTIVE_ARCH = YES;
			};
			name = Debug;
		};
		3D6ACAF22B4E90980094DCE9 /* Release */ = {
			isa = XCBuildConfiguration;
			buildSettings = {
				CLANG_WARN_BLOCK_CAPTURE_AUTORELEASING = YES;
				CLANG_WARN_BOOL_CONVERSION = YES;
				CLANG_WARN_COMMA = YES;
				CLANG_WARN_CONSTANT_CONVERSION = YES;
				CLANG_WARN_DEPRECATED_OBJC_IMPLEMENTATIONS = YES;
				CLANG_WARN_EMPTY_BODY = YES;
				CLANG_WARN_ENUM_CONVERSION = YES;
				CLANG_WARN_INFINITE_RECURSION = YES;
				CLANG_WARN_INT_CONVERSION = YES;
				CLANG_WARN_NON_LITERAL_NULL_CONVERSION = YES;
				CLANG_WARN_OBJC_IMPLICIT_RETAIN_SELF = YES;
				CLANG_WARN_OBJC_LITERAL_CONVERSION = YES;
				CLANG_WARN_QUOTED_INCLUDE_IN_FRAMEWORK_HEADER = YES;
				CLANG_WARN_RANGE_LOOP_ANALYSIS = YES;
				CLANG_WARN_STRICT_PROTOTYPES = YES;
				CLANG_WARN_SUSPICIOUS_MOVE = YES;
				CLANG_WARN_UNREACHABLE_CODE = YES;
				CLANG_WARN__DUPLICATE_METHOD_MATCH = YES;
				DEAD_CODE_STRIPPING = YES;
				ENABLE_STRICT_OBJC_MSGSEND = YES;
				ENABLE_USER_SCRIPT_SANDBOXING = YES;
				GCC_NO_COMMON_BLOCKS = YES;
				GCC_WARN_64_TO_32_BIT_CONVERSION = YES;
				GCC_WARN_ABOUT_RETURN_TYPE = YES;
				GCC_WARN_UNDECLARED_SELECTOR = YES;
				GCC_WARN_UNINITIALIZED_AUTOS = YES;
				GCC_WARN_UNUSED_FUNCTION = YES;
				GCC_WARN_UNUSED_VARIABLE = YES;
			};
			name = Release;
		};
/* End XCBuildConfiguration section */

/* Begin XCConfigurationList section */
		3D6ACAF02B4E90980094DCE9 /* Build configuration list for PBXProject "DAA programs" */ = {
			isa = XCConfigurationList;
			buildConfigurations = (
				3D6ACAF12B4E90980094DCE9 /* Debug */,
				3D6ACAF22B4E90980094DCE9 /* Release */,
			);
			defaultConfigurationIsVisible = 0;
			defaultConfigurationName = Release;
		};
/* End XCConfigurationList section */
	};
	rootObject = 3D6ACAED2B4E90980094DCE9 /* Project object */;
}
